
Microsoft Visual Studio Solution File, Format Version 12.00
# Visual Studio Version 16
VisualStudioVersion = 16.0.30907.101
MinimumVisualStudioVersion = 10.0.40219.1
Project("{9A19103F-16F7-4668-BE54-9A1E7A4F7556}") = "PlaylistComparer.Api", "PlaylistComparer.Api\PlaylistComparer.Api.csproj", "{26B157CE-6889-49CE-89D3-3B2F923F9B97}"
EndProject
Project("{9A19103F-16F7-4668-BE54-9A1E7A4F7556}") = "PlaylistComparer.StreamingServices", "PlaylistComparer.SpotifyServices\PlaylistComparer.StreamingServices.csproj", "{18E73124-D2C1-4A31-8B93-C598326C79F1}"
EndProject
Global
	GlobalSection(SolutionConfigurationPlatforms) = preSolution
		Debug|Any CPU = Debug|Any CPU
		Release|Any CPU = Release|Any CPU
	EndGlobalSection
	GlobalSection(ProjectConfigurationPlatforms) = postSolution
		{26B157CE-6889-49CE-89D3-3B2F923F9B97}.Debug|Any CPU.ActiveCfg = Debug|Any CPU
		{26B157CE-6889-49CE-89D3-3B2F923F9B97}.Debug|Any CPU.Build.0 = Debug|Any CPU
		{26B157CE-6889-49CE-89D3-3B2F923F9B97}.Release|Any CPU.ActiveCfg = Release|Any CPU
		{26B157CE-6889-49CE-89D3-3B2F923F9B97}.Release|Any CPU.Build.0 = Release|Any CPU
		{18E73124-D2C1-4A31-8B93-C598326C79F1}.Debug|Any CPU.ActiveCfg = Debug|Any CPU
		{18E73124-D2C1-4A31-8B93-C598326C79F1}.Debug|Any CPU.Build.0 = Debug|Any CPU
		{18E73124-D2C1-4A31-8B93-C598326C79F1}.Release|Any CPU.ActiveCfg = Release|Any CPU
		{18E73124-D2C1-4A31-8B93-C598326C79F1}.Release|Any CPU.Build.0 = Release|Any CPU
	EndGlobalSection
	GlobalSection(SolutionProperties) = preSolution
		HideSolutionNode = FALSE
	EndGlobalSection
	GlobalSection(ExtensibilityGlobals) = postSolution
		SolutionGuid = {D0EB6D29-BD46-4A93-8FCF-17722C067E7C}
	EndGlobalSection
EndGlobal
